
Microsoft Visual Studio Solution File, Format Version 12.00
# Visual Studio Version 17
VisualStudioVersion = 17.14.37216.2 d17.14
MinimumVisualStudioVersion = 10.0.40219.1
Project("{FAE04EC0-301F-11D3-BF4B-00C04F79EFBC}") = "SimpleWinIRC", "SimpleWinIRC\SimpleWinIRC.csproj", "{B80B7CBB-EEF2-4C23-9E41-18D4489496A4}"
EndProject
Global
	GlobalSection(SolutionConfigurationPlatforms) = preSolution
		Debug|ARM64 = Debug|ARM64
		Debug|x64 = Debug|x64
		Debug|x86 = Debug|x86
		Release|ARM64 = Release|ARM64
		Release|x64 = Release|x64
		Release|x86 = Release|x86
	EndGlobalSection
	GlobalSection(ProjectConfigurationPlatforms) = postSolution
		{B80B7CBB-EEF2-4C23-9E41-18D4489496A4}.Debug|ARM64.ActiveCfg = Debug|ARM64
		{B80B7CBB-EEF2-4C23-9E41-18D4489496A4}.Debug|ARM64.Build.0 = Debug|ARM64
		{B80B7CBB-EEF2-4C23-9E41-18D4489496A4}.Debug|x64.ActiveCfg = Debug|x64
		{B80B7CBB-EEF2-4C23-9E41-18D4489496A4}.Debug|x64.Build.0 = Debug|x64
		{B80B7CBB-EEF2-4C23-9E41-18D4489496A4}.Debug|x86.ActiveCfg = Debug|x86
		{B80B7CBB-EEF2-4C23-9E41-18D4489496A4}.Debug|x86.Build.0 = Debug|x86
		{B80B7CBB-EEF2-4C23-9E41-18D4489496A4}.Release|ARM64.ActiveCfg = Release|ARM64
		{B80B7CBB-EEF2-4C23-9E41-18D4489496A4}.Release|ARM64.Build.0 = Release|ARM64
		{B80B7CBB-EEF2-4C23-9E41-18D4489496A4}.Release|x64.ActiveCfg = Release|x64
		{B80B7CBB-EEF2-4C23-9E41-18D4489496A4}.Release|x64.Build.0 = Release|x64
		{B80B7CBB-EEF2-4C23-9E41-18D4489496A4}.Release|x86.ActiveCfg = Release|x86
		{B80B7CBB-EEF2-4C23-9E41-18D4489496A4}.Release|x86.Build.0 = Release|x86
	EndGlobalSection
	GlobalSection(SolutionProperties) = preSolution
		HideSolutionNode = FALSE
	EndGlobalSection
	GlobalSection(ExtensibilityGlobals) = postSolution
		SolutionGuid = {EF4723D4-0913-4AFB-BA6E-687134B48988}
	EndGlobalSection
EndGlobal
